
Microsoft Visual Studio Solution File, Format Version 12.00
# Visual Studio 15
VisualStudioVersion = 15.0.28307.705
MinimumVisualStudioVersion = 10.0.40219.1
Project("{2150E333-8FDC-42A3-9474-1A3956D46DE8}") = "src", "src", "{637C5F92-007D-4490-9174-D5E7A01B58D4}"
EndProject
Project("{FAE04EC0-301F-11D3-BF4B-00C04F79EFBC}") = "MMaker.Epanet", "src\Epanet.net\MMaker.Epanet.csproj", "{F3001D0D-515D-43B5-B7A0-D77E112CB114}"
EndProject
Project("{FAE04EC0-301F-11D3-BF4B-00C04F79EFBC}") = "MMaker.Triangle", "src\Triangle\MMaker.Triangle.csproj", "{F7907A0A-B75F-400B-9E78-BFAD00DB4D6B}"
EndProject
Project("{2150E333-8FDC-42A3-9474-1A3956D46DE8}") = "doc", "doc", "{39E0D693-E17D-4141-95B3-954B8E265E33}"
	ProjectSection(SolutionItems) = preProject
		doc\names.txt = doc\names.txt
	EndProjectSection
EndProject
Project("{FAE04EC0-301F-11D3-BF4B-00C04F79EFBC}") = "MindOne.Core", "src\MindOne.Core\MindOne.Core.csproj", "{DC4F8B8A-59D4-4F89-A7F4-ACCEB89EDD8D}"
EndProject
Project("{FAE04EC0-301F-11D3-BF4B-00C04F79EFBC}") = "MMaker", "src\MMaker\MMaker.csproj", "{B32D17EA-D4E3-4E79-A034-282C8720AA44}"
EndProject
Project("{FAE04EC0-301F-11D3-BF4B-00C04F79EFBC}") = "MMaker.Geographics", "src\MMaker.Geographics\MMaker.Geographics.csproj", "{3A0AD1BA-5E07-433F-9365-2093F2F80248}"
EndProject
Project("{FAE04EC0-301F-11D3-BF4B-00C04F79EFBC}") = "MMaker.Core", "src\MMaker.Core\MMaker.Core.csproj", "{ABC1246D-50D5-4CD7-AAF8-6923F4F75A15}"
EndProject
Project("{FAE04EC0-301F-11D3-BF4B-00C04F79EFBC}") = "MMaker.Diagnosis", "src\MMaker.Diagnosis\MMaker.Diagnosis.csproj", "{504CB4A8-AC74-4DC3-A3AB-22B7E66E6E1D}"
EndProject
Project("{2150E333-8FDC-42A3-9474-1A3956D46DE8}") = "Plugins", "Plugins", "{2C072E2E-081F-44DF-A211-2C2830D6942D}"
EndProject
Project("{FAE04EC0-301F-11D3-BF4B-00C04F79EFBC}") = "DotSpatial.Plugins.SimpleLegend", "src\Plugins\DotSpatial.Plugins.Legend\DotSpatial.Plugins.SimpleLegend.csproj", "{D85281B4-6012-42A0-A8F1-B29068A3F433}"
EndProject
Project("{FAE04EC0-301F-11D3-BF4B-00C04F79EFBC}") = "DotSpatial.Plugins.SimpleMap", "src\Plugins\DotSpatial.Plugins.SimpleMap\DotSpatial.Plugins.SimpleMap.csproj", "{632B46F5-E73D-4160-9371-D146FADDE9D5}"
EndProject
Project("{FAE04EC0-301F-11D3-BF4B-00C04F79EFBC}") = "DotSpatial.Plugins.ShapeEditor", "src\Plugins\DotSpatial.Plugins.ShapeEditor\DotSpatial.Plugins.ShapeEditor.csproj", "{715F4E59-7362-4EB6-BA2E-3FFC54CBAA41}"
EndProject
Global
	GlobalSection(SolutionConfigurationPlatforms) = preSolution
		Debug|Any CPU = Debug|Any CPU
		Debug|x64 = Debug|x64
		Debug|x86 = Debug|x86
		Release|Any CPU = Release|Any CPU
		Release|x64 = Release|x64
		Release|x86 = Release|x86
	EndGlobalSection
	GlobalSection(ProjectConfigurationPlatforms) = postSolution
		{F3001D0D-515D-43B5-B7A0-D77E112CB114}.Debug|Any CPU.ActiveCfg = Debug|Any CPU
		{F3001D0D-515D-43B5-B7A0-D77E112CB114}.Debug|Any CPU.Build.0 = Debug|Any CPU
		{F3001D0D-515D-43B5-B7A0-D77E112CB114}.Debug|x64.ActiveCfg = Debug|Any CPU
		{F3001D0D-515D-43B5-B7A0-D77E112CB114}.Debug|x64.Build.0 = Debug|Any CPU
		{F3001D0D-515D-43B5-B7A0-D77E112CB114}.Debug|x86.ActiveCfg = Debug|x86
		{F3001D0D-515D-43B5-B7A0-D77E112CB114}.Debug|x86.Build.0 = Debug|x86
		{F3001D0D-515D-43B5-B7A0-D77E112CB114}.Release|Any CPU.ActiveCfg = Release|Any CPU
		{F3001D0D-515D-43B5-B7A0-D77E112CB114}.Release|Any CPU.Build.0 = Release|Any CPU
		{F3001D0D-515D-43B5-B7A0-D77E112CB114}.Release|x64.ActiveCfg = Release|Any CPU
		{F3001D0D-515D-43B5-B7A0-D77E112CB114}.Release|x64.Build.0 = Release|Any CPU
		{F3001D0D-515D-43B5-B7A0-D77E112CB114}.Release|x86.ActiveCfg = Release|Any CPU
		{F3001D0D-515D-43B5-B7A0-D77E112CB114}.Release|x86.Build.0 = Release|Any CPU
		{F7907A0A-B75F-400B-9E78-BFAD00DB4D6B}.Debug|Any CPU.ActiveCfg = Debug|Any CPU
		{F7907A0A-B75F-400B-9E78-BFAD00DB4D6B}.Debug|Any CPU.Build.0 = Debug|Any CPU
		{F7907A0A-B75F-400B-9E78-BFAD00DB4D6B}.Debug|x64.ActiveCfg = Debug|Any CPU
		{F7907A0A-B75F-400B-9E78-BFAD00DB4D6B}.Debug|x64.Build.0 = Debug|Any CPU
		{F7907A0A-B75F-400B-9E78-BFAD00DB4D6B}.Debug|x86.ActiveCfg = Debug|x86
		{F7907A0A-B75F-400B-9E78-BFAD00DB4D6B}.Debug|x86.Build.0 = Debug|x86
		{F7907A0A-B75F-400B-9E78-BFAD00DB4D6B}.Release|Any CPU.ActiveCfg = Release|Any CPU
		{F7907A0A-B75F-400B-9E78-BFAD00DB4D6B}.Release|Any CPU.Build.0 = Release|Any CPU
		{F7907A0A-B75F-400B-9E78-BFAD00DB4D6B}.Release|x64.ActiveCfg = Release|Any CPU
		{F7907A0A-B75F-400B-9E78-BFAD00DB4D6B}.Release|x64.Build.0 = Release|Any CPU
		{F7907A0A-B75F-400B-9E78-BFAD00DB4D6B}.Release|x86.ActiveCfg = Release|Any CPU
		{F7907A0A-B75F-400B-9E78-BFAD00DB4D6B}.Release|x86.Build.0 = Release|Any CPU
		{DC4F8B8A-59D4-4F89-A7F4-ACCEB89EDD8D}.Debug|Any CPU.ActiveCfg = Debug|Any CPU
		{DC4F8B8A-59D4-4F89-A7F4-ACCEB89EDD8D}.Debug|Any CPU.Build.0 = Debug|Any CPU
		{DC4F8B8A-59D4-4F89-A7F4-ACCEB89EDD8D}.Debug|x64.ActiveCfg = Debug|Any CPU
		{DC4F8B8A-59D4-4F89-A7F4-ACCEB89EDD8D}.Debug|x64.Build.0 = Debug|Any CPU
		{DC4F8B8A-59D4-4F89-A7F4-ACCEB89EDD8D}.Debug|x86.ActiveCfg = Debug|x86
		{DC4F8B8A-59D4-4F89-A7F4-ACCEB89EDD8D}.Debug|x86.Build.0 = Debug|x86
		{DC4F8B8A-59D4-4F89-A7F4-ACCEB89EDD8D}.Release|Any CPU.ActiveCfg = Release|Any CPU
		{DC4F8B8A-59D4-4F89-A7F4-ACCEB89EDD8D}.Release|Any CPU.Build.0 = Release|Any CPU
		{DC4F8B8A-59D4-4F89-A7F4-ACCEB89EDD8D}.Release|x64.ActiveCfg = Release|Any CPU
		{DC4F8B8A-59D4-4F89-A7F4-ACCEB89EDD8D}.Release|x64.Build.0 = Release|Any CPU
		{DC4F8B8A-59D4-4F89-A7F4-ACCEB89EDD8D}.Release|x86.ActiveCfg = Release|Any CPU
		{DC4F8B8A-59D4-4F89-A7F4-ACCEB89EDD8D}.Release|x86.Build.0 = Release|Any CPU
		{B32D17EA-D4E3-4E79-A034-282C8720AA44}.Debug|Any CPU.ActiveCfg = Debug|Any CPU
		{B32D17EA-D4E3-4E79-A034-282C8720AA44}.Debug|Any CPU.Build.0 = Debug|Any CPU
		{B32D17EA-D4E3-4E79-A034-282C8720AA44}.Debug|x64.ActiveCfg = Debug|Any CPU
		{B32D17EA-D4E3-4E79-A034-282C8720AA44}.Debug|x64.Build.0 = Debug|Any CPU
		{B32D17EA-D4E3-4E79-A034-282C8720AA44}.Debug|x86.ActiveCfg = Debug|x86
		{B32D17EA-D4E3-4E79-A034-282C8720AA44}.Debug|x86.Build.0 = Debug|x86
		{B32D17EA-D4E3-4E79-A034-282C8720AA44}.Release|Any CPU.ActiveCfg = Release|Any CPU
		{B32D17EA-D4E3-4E79-A034-282C8720AA44}.Release|Any CPU.Build.0 = Release|Any CPU
		{B32D17EA-D4E3-4E79-A034-282C8720AA44}.Release|x64.ActiveCfg = Release|Any CPU
		{B32D17EA-D4E3-4E79-A034-282C8720AA44}.Release|x64.Build.0 = Release|Any CPU
		{B32D17EA-D4E3-4E79-A034-282C8720AA44}.Release|x86.ActiveCfg = Release|Any CPU
		{B32D17EA-D4E3-4E79-A034-282C8720AA44}.Release|x86.Build.0 = Release|Any CPU
		{3A0AD1BA-5E07-433F-9365-2093F2F80248}.Debug|Any CPU.ActiveCfg = Debug|Any CPU
		{3A0AD1BA-5E07-433F-9365-2093F2F80248}.Debug|Any CPU.Build.0 = Debug|Any CPU
		{3A0AD1BA-5E07-433F-9365-2093F2F80248}.Debug|x64.ActiveCfg = Debug|Any CPU
		{3A0AD1BA-5E07-433F-9365-2093F2F80248}.Debug|x64.Build.0 = Debug|Any CPU
		{3A0AD1BA-5E07-433F-9365-2093F2F80248}.Debug|x86.ActiveCfg = Debug|x86
		{3A0AD1BA-5E07-433F-9365-2093F2F80248}.Debug|x86.Build.0 = Debug|x86
		{3A0AD1BA-5E07-433F-9365-2093F2F80248}.Release|Any CPU.ActiveCfg = Release|Any CPU
		{3A0AD1BA-5E07-433F-9365-2093F2F80248}.Release|Any CPU.Build.0 = Release|Any CPU
		{3A0AD1BA-5E07-433F-9365-2093F2F80248}.Release|x64.ActiveCfg = Release|Any CPU
		{3A0AD1BA-5E07-433F-9365-2093F2F80248}.Release|x64.Build.0 = Release|Any CPU
		{3A0AD1BA-5E07-433F-9365-2093F2F80248}.Release|x86.ActiveCfg = Release|Any CPU
		{3A0AD1BA-5E07-433F-9365-2093F2F80248}.Release|x86.Build.0 = Release|Any CPU
		{ABC1246D-50D5-4CD7-AAF8-6923F4F75A15}.Debug|Any CPU.ActiveCfg = Debug|Any CPU
		{ABC1246D-50D5-4CD7-AAF8-6923F4F75A15}.Debug|Any CPU.Build.0 = Debug|Any CPU
		{ABC1246D-50D5-4CD7-AAF8-6923F4F75A15}.Debug|x64.ActiveCfg = Debug|Any CPU
		{ABC1246D-50D5-4CD7-AAF8-6923F4F75A15}.Debug|x64.Build.0 = Debug|Any CPU
		{ABC1246D-50D5-4CD7-AAF8-6923F4F75A15}.Debug|x86.ActiveCfg = Debug|x86
		{ABC1246D-50D5-4CD7-AAF8-6923F4F75A15}.Debug|x86.Build.0 = Debug|x86
		{ABC1246D-50D5-4CD7-AAF8-6923F4F75A15}.Release|Any CPU.ActiveCfg = Release|Any CPU
		{ABC1246D-50D5-4CD7-AAF8-6923F4F75A15}.Release|Any CPU.Build.0 = Release|Any CPU
		{ABC1246D-50D5-4CD7-AAF8-6923F4F75A15}.Release|x64.ActiveCfg = Release|Any CPU
		{ABC1246D-50D5-4CD7-AAF8-6923F4F75A15}.Release|x64.Build.0 = Release|Any CPU
		{ABC1246D-50D5-4CD7-AAF8-6923F4F75A15}.Release|x86.ActiveCfg = Release|Any CPU
		{ABC1246D-50D5-4CD7-AAF8-6923F4F75A15}.Release|x86.Build.0 = Release|Any CPU
		{504CB4A8-AC74-4DC3-A3AB-22B7E66E6E1D}.Debug|Any CPU.ActiveCfg = Debug|Any CPU
		{504CB4A8-AC74-4DC3-A3AB-22B7E66E6E1D}.Debug|Any CPU.Build.0 = Debug|Any CPU
		{504CB4A8-AC74-4DC3-A3AB-22B7E66E6E1D}.Debug|x64.ActiveCfg = Debug|Any CPU
		{504CB4A8-AC74-4DC3-A3AB-22B7E66E6E1D}.Debug|x64.Build.0 = Debug|Any CPU
		{504CB4A8-AC74-4DC3-A3AB-22B7E66E6E1D}.Debug|x86.ActiveCfg = Debug|x86
		{504CB4A8-AC74-4DC3-A3AB-22B7E66E6E1D}.Debug|x86.Build.0 = Debug|x86
		{504CB4A8-AC74-4DC3-A3AB-22B7E66E6E1D}.Release|Any CPU.ActiveCfg = Release|Any CPU
		{504CB4A8-AC74-4DC3-A3AB-22B7E66E6E1D}.Release|Any CPU.Build.0 = Release|Any CPU
		{504CB4A8-AC74-4DC3-A3AB-22B7E66E6E1D}.Release|x64.ActiveCfg = Release|Any CPU
		{504CB4A8-AC74-4DC3-A3AB-22B7E66E6E1D}.Release|x64.Build.0 = Release|Any CPU
		{504CB4A8-AC74-4DC3-A3AB-22B7E66E6E1D}.Release|x86.ActiveCfg = Release|Any CPU
		{504CB4A8-AC74-4DC3-A3AB-22B7E66E6E1D}.Release|x86.Build.0 = Release|Any CPU
		{D85281B4-6012-42A0-A8F1-B29068A3F433}.Debug|Any CPU.ActiveCfg = Debug|x86
		{D85281B4-6012-42A0-A8F1-B29068A3F433}.Debug|x64.ActiveCfg = Debug|x86
		{D85281B4-6012-42A0-A8F1-B29068A3F433}.Debug|x86.ActiveCfg = Debug|x86
		{D85281B4-6012-42A0-A8F1-B29068A3F433}.Debug|x86.Build.0 = Debug|x86
		{D85281B4-6012-42A0-A8F1-B29068A3F433}.Release|Any CPU.ActiveCfg = Release|x86
		{D85281B4-6012-42A0-A8F1-B29068A3F433}.Release|x64.ActiveCfg = Release|x86
		{D85281B4-6012-42A0-A8F1-B29068A3F433}.Release|x86.ActiveCfg = Release|x86
		{D85281B4-6012-42A0-A8F1-B29068A3F433}.Release|x86.Build.0 = Release|x86
		{632B46F5-E73D-4160-9371-D146FADDE9D5}.Debug|Any CPU.ActiveCfg = Debug|x86
		{632B46F5-E73D-4160-9371-D146FADDE9D5}.Debug|x64.ActiveCfg = Debug|x86
		{632B46F5-E73D-4160-9371-D146FADDE9D5}.Debug|x86.ActiveCfg = Debug|x86
		{632B46F5-E73D-4160-9371-D146FADDE9D5}.Debug|x86.Build.0 = Debug|x86
		{632B46F5-E73D-4160-9371-D146FADDE9D5}.Release|Any CPU.ActiveCfg = Release|x86
		{632B46F5-E73D-4160-9371-D146FADDE9D5}.Release|x64.ActiveCfg = Release|x86
		{632B46F5-E73D-4160-9371-D146FADDE9D5}.Release|x86.ActiveCfg = Release|x86
		{632B46F5-E73D-4160-9371-D146FADDE9D5}.Release|x86.Build.0 = Release|x86
		{715F4E59-7362-4EB6-BA2E-3FFC54CBAA41}.Debug|Any CPU.ActiveCfg = Debug|Any CPU
		{715F4E59-7362-4EB6-BA2E-3FFC54CBAA41}.Debug|Any CPU.Build.0 = Debug|Any CPU
		{715F4E59-7362-4EB6-BA2E-3FFC54CBAA41}.Debug|x64.ActiveCfg = Debug|Any CPU
		{715F4E59-7362-4EB6-BA2E-3FFC54CBAA41}.Debug|x64.Build.0 = Debug|Any CPU
		{715F4E59-7362-4EB6-BA2E-3FFC54CBAA41}.Debug|x86.ActiveCfg = Debug|x86
		{715F4E59-7362-4EB6-BA2E-3FFC54CBAA41}.Debug|x86.Build.0 = Debug|x86
		{715F4E59-7362-4EB6-BA2E-3FFC54CBAA41}.Release|Any CPU.ActiveCfg = Release|Any CPU
		{715F4E59-7362-4EB6-BA2E-3FFC54CBAA41}.Release|Any CPU.Build.0 = Release|Any CPU
		{715F4E59-7362-4EB6-BA2E-3FFC54CBAA41}.Release|x64.ActiveCfg = Release|Any CPU
		{715F4E59-7362-4EB6-BA2E-3FFC54CBAA41}.Release|x64.Build.0 = Release|Any CPU
		{715F4E59-7362-4EB6-BA2E-3FFC54CBAA41}.Release|x86.ActiveCfg = Release|Any CPU
		{715F4E59-7362-4EB6-BA2E-3FFC54CBAA41}.Release|x86.Build.0 = Release|Any CPU
	EndGlobalSection
	GlobalSection(SolutionProperties) = preSolution
		HideSolutionNode = FALSE
	EndGlobalSection
	GlobalSection(NestedProjects) = preSolution
		{F3001D0D-515D-43B5-B7A0-D77E112CB114} = {637C5F92-007D-4490-9174-D5E7A01B58D4}
		{F7907A0A-B75F-400B-9E78-BFAD00DB4D6B} = {637C5F92-007D-4490-9174-D5E7A01B58D4}
		{DC4F8B8A-59D4-4F89-A7F4-ACCEB89EDD8D} = {637C5F92-007D-4490-9174-D5E7A01B58D4}
		{B32D17EA-D4E3-4E79-A034-282C8720AA44} = {637C5F92-007D-4490-9174-D5E7A01B58D4}
		{3A0AD1BA-5E07-433F-9365-2093F2F80248} = {637C5F92-007D-4490-9174-D5E7A01B58D4}
		{ABC1246D-50D5-4CD7-AAF8-6923F4F75A15} = {637C5F92-007D-4490-9174-D5E7A01B58D4}
		{504CB4A8-AC74-4DC3-A3AB-22B7E66E6E1D} = {637C5F92-007D-4490-9174-D5E7A01B58D4}
		{2C072E2E-081F-44DF-A211-2C2830D6942D} = {637C5F92-007D-4490-9174-D5E7A01B58D4}
		{D85281B4-6012-42A0-A8F1-B29068A3F433} = {2C072E2E-081F-44DF-A211-2C2830D6942D}
		{632B46F5-E73D-4160-9371-D146FADDE9D5} = {2C072E2E-081F-44DF-A211-2C2830D6942D}
		{715F4E59-7362-4EB6-BA2E-3FFC54CBAA41} = {2C072E2E-081F-44DF-A211-2C2830D6942D}
	EndGlobalSection
	GlobalSection(ExtensibilityGlobals) = postSolution
		SolutionGuid = {101DD71A-7613-41FB-BF39-249465C0D434}
	EndGlobalSection
EndGlobal
